// !$*UTF8*$!
{
	archiveVersion = 1;
	classes = {
	};
	objectVersion = 46;
	objects = {

/* Begin PBXBuildFile section */
		F1DAB31F1D7D4F0A0067D8B2 /* main.m in Sources */ = {isa = PBXBuildFile; fileRef = F1DAB31E1D7D4F0A0067D8B2 /* main.m */; };
		F1DAB3221D7D4F0A0067D8B2 /* AppDelegate.m in Sources */ = {isa = PBXBuildFile; fileRef = F1DAB3211D7D4F0A0067D8B2 /* AppDelegate.m */; };
		F1DAB3251D7D4F0A0067D8B2 /* ViewController.m in Sources */ = {isa = PBXBuildFile; fileRef = F1DAB3241D7D4F0A0067D8B2 /* ViewController.m */; };
		F1DAB3281D7D4F0A0067D8B2 /* Main.storyboard in Resources */ = {isa = PBXBuildFile; fileRef = F1DAB3261D7D4F0A0067D8B2 /* Main.storyboard */; };
		F1DAB32A1D7D4F0A0067D8B2 /* Assets.xcassets in Resources */ = {isa = PBXBuildFile; fileRef = F1DAB3291D7D4F0A0067D8B2 /* Assets.xcassets */; };
		F1DAB32D1D7D4F0A0067D8B2 /* LaunchScreen.storyboard in Resources */ = {isa = PBXBuildFile; fileRef = F1DAB32B1D7D4F0A0067D8B2 /* LaunchScreen.storyboard */; };
		F1DAB3371D7D4F290067D8B2 /* LTTweener.m in Sources */ = {isa = PBXBuildFile; fileRef = F1DAB3361D7D4F290067D8B2 /* LTTweener.m */; };
/* End PBXBuildFile section */

/* Begin PBXFileReference section */
		F1DAB31A1D7D4F0A0067D8B2 /* Tweener.app */ = {isa = PBXFileReference; explicitFileType = wrapper.application; includeInIndex = 0; path = Tweener.app; sourceTree = BUILT_PRODUCTS_DIR; };
		F1DAB31E1D7D4F0A0067D8B2 /* main.m */ = {isa = PBXFileReference; lastKnownFileType = sourcecode.c.objc; path = main.m; sourceTree = "<group>"; };
		F1DAB3201D7D4F0A0067D8B2 /* AppDelegate.h */ = {isa = PBXFileReference; lastKnownFileType = sourcecode.c.h; path = AppDelegate.h; sourceTree = "<group>"; };
		F1DAB3211D7D4F0A0067D8B2 /* AppDelegate.m */ = {isa = PBXFileReference; lastKnownFileType = sourcecode.c.objc; path = AppDelegate.m; sourceTree = "<group>"; };
		F1DAB3231D7D4F0A0067D8B2 /* ViewController.h */ = {isa = PBXFileReference; lastKnownFileType = sourcecode.c.h; path = ViewController.h; sourceTree = "<group>"; };
		F1DAB3241D7D4F0A0067D8B2 /* ViewController.m */ = {isa = PBXFileReference; lastKnownFileType = sourcecode.c.objc; path = ViewController.m; sourceTree = "<group>"; };
		F1DAB3271D7D4F0A0067D8B2 /* Base */ = {isa = PBXFileReference; lastKnownFileType = file.storyboard; name = Base; path = Base.lproj/Main.storyboard; sourceTree = "<group>"; };
		F1DAB3291D7D4F0A0067D8B2 /* Assets.xcassets */ = {isa = PBXFileReference; lastKnownFileType = folder.assetcatalog; path = Assets.xcassets; sourceTree = "<group>"; };
		F1DAB32C1D7D4F0A0067D8B2 /* Base */ = {isa = PBXFileReference; lastKnownFileType = file.storyboard; name = Base; path = Base.lproj/LaunchScreen.storyboard; sourceTree = "<group>"; };
		F1DAB32E1D7D4F0A0067D8B2 /* Info.plist */ = {isa = PBXFileReference; lastKnownFileType = text.plist.xml; path = Info.plist; sourceTree = "<group>"; };
		F1DAB3351D7D4F290067D8B2 /* LTTweener.h */ = {isa = PBXFileReference; fileEncoding = 4; lastKnownFileType = sourcecode.c.h; path = LTTweener.h; sourceTree = "<group>"; };
		F1DAB3361D7D4F290067D8B2 /* LTTweener.m */ = {isa = PBXFileReference; fileEncoding = 4; lastKnownFileType = sourcecode.c.objc; path = LTTweener.m; sourceTree = "<group>"; };
/* End PBXFileReference section */

/* Begin PBXFrameworksBuildPhase section */
		F1DAB3171D7D4F0A0067D8B2 /* Frameworks */ = {
			isa = PBXFrameworksBuildPhase;
			buildActionMask = 2147483647;
			files = (
			);
			runOnlyForDeploymentPostprocessing = 0;
		};
/* End PBXFrameworksBuildPhase section */

/* Begin PBXGroup section */
		F1DAB3111D7D4F0A0067D8B2 = {
			isa = PBXGroup;
			children = (
				F1DAB31C1D7D4F0A0067D8B2 /* Tweener */,
				F1DAB31B1D7D4F0A0067D8B2 /* Products */,
			);
			sourceTree = "<group>";
		};
		F1DAB31B1D7D4F0A0067D8B2 /* Products */ = {
			isa = PBXGroup;
			children = (
				F1DAB31A1D7D4F0A0067D8B2 /* Tweener.app */,
			);
			name = Products;
			sourceTree = "<group>";
		};
		F1DAB31C1D7D4F0A0067D8B2 /* Tweener */ = {
			isa = PBXGroup;
			children = (
				F1DAB3341D7D4F290067D8B2 /* LTTweener */,
				F1DAB3201D7D4F0A0067D8B2 /* AppDelegate.h */,
				F1DAB3211D7D4F0A0067D8B2 /* AppDelegate.m */,
				F1DAB3231D7D4F0A0067D8B2 /* ViewController.h */,
				F1DAB3241D7D4F0A0067D8B2 /* ViewController.m */,
				F1DAB3261D7D4F0A0067D8B2 /* Main.storyboard */,
				F1DAB3291D7D4F0A0067D8B2 /* Assets.xcassets */,
				F1DAB32B1D7D4F0A0067D8B2 /* LaunchScreen.storyboard */,
				F1DAB32E1D7D4F0A0067D8B2 /* Info.plist */,
				F1DAB31D1D7D4F0A0067D8B2 /* Supporting Files */,
			);
			path = Tweener;
			sourceTree = "<group>";
		};
		F1DAB31D1D7D4F0A0067D8B2 /* Supporting Files */ = {
			isa = PBXGroup;
			children = (
				F1DAB31E1D7D4F0A0067D8B2 /* main.m */,
			);
			name = "Supporting Files";
			sourceTree = "<group>";
		};
		F1DAB3341D7D4F290067D8B2 /* LTTweener */ = {
			isa = PBXGroup;
			children = (
				F1DAB3351D7D4F290067D8B2 /* LTTweener.h */,
				F1DAB3361D7D4F290067D8B2 /* LTTweener.m */,
			);
			name = LTTweener;
			path = Tweener;
			sourceTree = "<group>";
		};
/* End PBXGroup section */

/* Begin PBXNativeTarget section */
		F1DAB3191D7D4F0A0067D8B2 /* Tweener */ = {
			isa = PBXNativeTarget;
			buildConfigurationList = F1DAB3311D7D4F0A0067D8B2 /* Build configuration list for PBXNativeTarget "Tweener" */;
			buildPhases = (
				F1DAB3161D7D4F0A0067D8B2 /* Sources */,
				F1DAB3171D7D4F0A0067D8B2 /* Frameworks */,
				F1DAB3181D7D4F0A0067D8B2 /* Resources */,
			);
			buildRules = (
			);
			dependencies = (
			);
			name = Tweener;
			productName = Tweener;
			productReference = F1DAB31A1D7D4F0A0067D8B2 /* Tweener.app */;
			productType = "com.apple.product-type.application";
		};
/* End PBXNativeTarget section */

/* Begin PBXProject section */
		F1DAB3121D7D4F0A0067D8B2 /* Project object */ = {
			isa = PBXProject;
			attributes = {
				LastUpgradeCheck = 0730;
				ORGANIZATIONNAME = "舟弛 范";
				TargetAttributes = {
					F1DAB3191D7D4F0A0067D8B2 = {
						CreatedOnToolsVersion = 7.3.1;
					};
				};
			};
			buildConfigurationList = F1DAB3151D7D4F0A0067D8B2 /* Build configuration list for PBXProject "Tweener" */;
			compatibilityVersion = "Xcode 3.2";
			developmentRegion = English;
			hasScannedForEncodings = 0;
			knownRegions = (
				en,
				Base,
			);
			mainGroup = F1DAB3111D7D4F0A0067D8B2;
			productRefGroup = F1DAB31B1D7D4F0A0067D8B2 /* Products */;
			projectDirPath = "";
			projectRoot = "";
			targets = (
				F1DAB3191D7D4F0A0067D8B2 /* Tweener */,
			);
		};
/* End PBXProject section */

/* Begin PBXResourcesBuildPhase section */
		F1DAB3181D7D4F0A0067D8B2 /* Resources */ = {
			isa = PBXResourcesBuildPhase;
			buildActionMask = 2147483647;
			files = (
				F1DAB32D1D7D4F0A0067D8B2 /* LaunchScreen.storyboard in Resources */,
				F1DAB32A1D7D4F0A0067D8B2 /* Assets.xcassets in Resources */,
				F1DAB3281D7D4F0A0067D8B2 /* Main.storyboard in Resources */,
			);
			runOnlyForDeploymentPostprocessing = 0;
		};
/* End PBXResourcesBuildPhase section */

/* Begin PBXSourcesBuildPhase section */
		F1DAB3161D7D4F0A0067D8B2 /* Sources */ = {
			isa = PBXSourcesBuildPhase;
			buildActionMask = 2147483647;
			files = (
				F1DAB3251D7D4F0A0067D8B2 /* ViewController.m in Sources */,
				F1DAB3221D7D4F0A0067D8B2 /* AppDelegate.m in Sources */,
				F1DAB3371D7D4F290067D8B2 /* LTTweener.m in Sources */,
				F1DAB31F1D7D4F0A0067D8B2 /* main.m in Sources */,
			);
			runOnlyForDeploymentPostprocessing = 0;
		};
/* End PBXSourcesBuildPhase section */

/* Begin PBXVariantGroup section */
		F1DAB3261D7D4F0A0067D8B2 /* Main.storyboard */ = {
			isa = PBXVariantGroup;
			children = (
				F1DAB3271D7D4F0A0067D8B2 /* Base */,
			);
			name = Main.storyboard;
			sourceTree = "<group>";
		};
		F1DAB32B1D7D4F0A0067D8B2 /* LaunchScreen.storyboard */ = {
			isa = PBXVariantGroup;
			children = (
				F1DAB32C1D7D4F0A0067D8B2 /* Base */,
			);
			name = LaunchScreen.storyboard;
			sourceTree = "<group>";
		};
/* End PBXVariantGroup section */

/* Begin XCBuildConfiguration section */
		F1DAB32F1D7D4F0A0067D8B2 /* Debug */ = {
			isa = XCBuildConfiguration;
			buildSettings = {
				ALWAYS_SEARCH_USER_PATHS = NO;
				CLANG_ANALYZER_NONNULL = YES;
				CLANG_CXX_LANGUAGE_STANDARD = "gnu++0x";
				CLANG_CXX_LIBRARY = "libc++";
				CLANG_ENABLE_MODULES = YES;
				CLANG_ENABLE_OBJC_ARC = YES;
				CLANG_WARN_BOOL_CONVERSION = YES;
				CLANG_WARN_CONSTANT_CONVERSION = YES;
				CLANG_WARN_DIRECT_OBJC_ISA_USAGE = YES_ERROR;
				CLANG_WARN_EMPTY_BODY = YES;
				CLANG_WARN_ENUM_CONVERSION = YES;
				CLANG_WARN_INT_CONVERSION = YES;
				CLANG_WARN_OBJC_ROOT_CLASS = YES_ERROR;
				CLANG_WARN_UNREACHABLE_CODE = YES;
				CLANG_WARN__DUPLICATE_METHOD_MATCH = YES;
				"CODE_SIGN_IDENTITY[sdk=iphoneos*]" = "iPhone Developer";
				COPY_PHASE_STRIP = NO;
				DEBUG_INFORMATION_FORMAT = dwarf;
				ENABLE_STRICT_OBJC_MSGSEND = YES;
				ENABLE_TESTABILITY = YES;
				GCC_C_LANGUAGE_STANDARD = gnu99;
				GCC_DYNAMIC_NO_PIC = NO;
				GCC_NO_COMMON_BLOCKS = YES;
				GCC_OPTIMIZATION_LEVEL = 0;
				GCC_PREPROCESSOR_DEFINITIONS = (
					"DEBUG=1",
					"$(inherited)",
				);
				GCC_WARN_64_TO_32_BIT_CONVERSION = YES;
				GCC_WARN_ABOUT_RETURN_TYPE = YES_ERROR;
				GCC_WARN_UNDECLARED_SELECTOR = YES;
				GCC_WARN_UNINITIALIZED_AUTOS = YES_AGGRESSIVE;
				GCC_WARN_UNUSED_FUNCTION = YES;
				GCC_WARN_UNUSED_VARIABLE = YES;
				IPHONEOS_DEPLOYMENT_TARGET = 9.3;
				MTL_ENABLE_DEBUG_INFO = YES;
				ONLY_ACTIVE_ARCH = YES;
				SDKROOT = iphoneos;
				TARGETED_DEVICE_FAMILY = "1,2";
			};
			name = Debug;
		};
		F1DAB3301D7D4F0A0067D8B2 /* Release */ = {
			isa = XCBuildConfiguration;
			buildSettings = {
				ALWAYS_SEARCH_USER_PATHS = NO;
				CLANG_ANALYZER_NONNULL = YES;
				CLANG_CXX_LANGUAGE_STANDARD = "gnu++0x";
				CLANG_CXX_LIBRARY = "libc++";
				CLANG_ENABLE_MODULES = YES;
				CLANG_ENABLE_OBJC_ARC = YES;
				CLANG_WARN_BOOL_CONVERSION = YES;
				CLANG_WARN_CONSTANT_CONVERSION = YES;
				CLANG_WARN_DIRECT_OBJC_ISA_USAGE = YES_ERROR;
				CLANG_WARN_EMPTY_BODY = YES;
				CLANG_WARN_ENUM_CONVERSION = YES;
				CLANG_WARN_INT_CONVERSION = YES;
				CLANG_WARN_OBJC_ROOT_CLASS = YES_ERROR;
				CLANG_WARN_UNREACHABLE_CODE = YES;
				CLANG_WARN__DUPLICATE_METHOD_MATCH = YES;
				"CODE_SIGN_IDENTITY[sdk=iphoneos*]" = "iPhone Developer";
				COPY_PHASE_STRIP = NO;
				DEBUG_INFORMATION_FORMAT = "dwarf-with-dsym";
				ENABLE_NS_ASSERTIONS = NO;
				ENABLE_STRICT_OBJC_MSGSEND = YES;
				GCC_C_LANGUAGE_STANDARD = gnu99;
				GCC_NO_COMMON_BLOCKS = YES;
				GCC_WARN_64_TO_32_BIT_CONVERSION = YES;
				GCC_WARN_ABOUT_RETURN_TYPE = YES_ERROR;
				GCC_WARN_UNDECLARED_SELECTOR = YES;
				GCC_WARN_UNINITIALIZED_AUTOS = YES_AGGRESSIVE;
				GCC_WARN_UNUSED_FUNCTION = YES;
				GCC_WARN_UNUSED_VARIABLE = YES;
				IPHONEOS_DEPLOYMENT_TARGET = 9.3;
				MTL_ENABLE_DEBUG_INFO = NO;
				SDKROOT = iphoneos;
				TARGETED_DEVICE_FAMILY = "1,2";
				VALIDATE_PRODUCT = YES;
			};
			name = Release;
		};
		F1DAB3321D7D4F0A0067D8B2 /* Debug */ = {
			isa = XCBuildConfiguration;
			buildSettings = {
				ASSETCATALOG_COMPILER_APPICON_NAME = AppIcon;
				INFOPLIST_FILE = Tweener/Info.plist;
				LD_RUNPATH_SEARCH_PATHS = "$(inherited) @executable_path/Frameworks";
				PRODUCT_BUNDLE_IDENTIFIER = Hanshuushi.Tweener;
				PRODUCT_NAME = "$(TARGET_NAME)";
			};
			name = Debug;
		};
		F1DAB3331D7D4F0A0067D8B2 /* Release */ = {
			isa = XCBuildConfiguration;
			buildSettings = {
				ASSETCATALOG_COMPILER_APPICON_NAME = AppIcon;
				INFOPLIST_FILE = Tweener/Info.plist;
				LD_RUNPATH_SEARCH_PATHS = "$(inherited) @executable_path/Frameworks";
				PRODUCT_BUNDLE_IDENTIFIER = Hanshuushi.Tweener;
				PRODUCT_NAME = "$(TARGET_NAME)";
			};
			name = Release;
		};
/* End XCBuildConfiguration section */

/* Begin XCConfigurationList section */
		F1DAB3151D7D4F0A0067D8B2 /* Build configuration list for PBXProject "Tweener" */ = {
			isa = XCConfigurationList;
			buildConfigurations = (
				F1DAB32F1D7D4F0A0067D8B2 /* Debug */,
				F1DAB3301D7D4F0A0067D8B2 /* Release */,
			);
			defaultConfigurationIsVisible = 0;
			defaultConfigurationName = Release;
		};
		F1DAB3311D7D4F0A0067D8B2 /* Build configuration list for PBXNativeTarget "Tweener" */ = {
			isa = XCConfigurationList;
			buildConfigurations = (
				F1DAB3321D7D4F0A0067D8B2 /* Debug */,
				F1DAB3331D7D4F0A0067D8B2 /* Release */,
			);
			defaultConfigurationIsVisible = 0;
		};
/* End XCConfigurationList section */
	};
	rootObject = F1DAB3121D7D4F0A0067D8B2 /* Project object */;
}
